entity: xxx
method: grid
name: maelarge_subblock
parameters:
  model: 
    value: vit_large_patch16
  tar:
    values: 
    - U_orig
    - U_sani2
  batch_size:
    value: 16
  blr:
    values: 
    # - 0.0005
    - 0.006976163642332915
  cutmix:
    values: 
    # - 1.0
    - 0.28314860029113587
  drop_path:
    values: 
    # - 0.1
    - 0.02607189763754247
  layer_decay:
    values: 
    # - 0.65
    - 0.5693509441813797
  mixup:
    values: 
    # - 0.8
    - 0.01232272861244954
  reprob:
    values: 
    # - 0.25
    - 0.4510521274814629
  weight_decay:
    values:
    # - 0.05
    - 0.104283319857423
  seed:
    value: 42
  finetune:
    values:
    - ./ckpts_dir/medical_pretrained_models/MAE/mae_pretrain_vit_large.pth
  attn:
    values: 
    - true
    - false
  mlp:
    values: 
    - false
    - true
  norm1:
    values: 
    - true
    - false
  norm2:
    values: 
    - false
    - true
  split_ratio:
    values:
    - '2:3:5'
program: main_finetune_copy.py
project: MAE_COVID19_3
